
Microsoft Visual Studio Solution File, Format Version 12.00
# Visual Studio Version 17
VisualStudioVersion = 17.5.002.0
MinimumVisualStudioVersion = 10.0.40219.1
Project("{9A19103F-16F7-4668-BE54-9A1E7A4F7556}") = "Aktivitas 4_SI4809_102022400179_Adwitiya Tikta Pramasti", "Aktivitas 4_SI4809_102022400179_Adwitiya Tikta Pramasti.csproj", "{5779F290-D4F7-41BD-B304-9E6DF679FD2D}"
EndProject
Global
	GlobalSection(SolutionConfigurationPlatforms) = preSolution
		Debug|Any CPU = Debug|Any CPU
		Release|Any CPU = Release|Any CPU
	EndGlobalSection
	GlobalSection(ProjectConfigurationPlatforms) = postSolution
		{5779F290-D4F7-41BD-B304-9E6DF679FD2D}.Debug|Any CPU.ActiveCfg = Debug|Any CPU
		{5779F290-D4F7-41BD-B304-9E6DF679FD2D}.Debug|Any CPU.Build.0 = Debug|Any CPU
		{5779F290-D4F7-41BD-B304-9E6DF679FD2D}.Release|Any CPU.ActiveCfg = Release|Any CPU
		{5779F290-D4F7-41BD-B304-9E6DF679FD2D}.Release|Any CPU.Build.0 = Release|Any CPU
	EndGlobalSection
	GlobalSection(SolutionProperties) = preSolution
		HideSolutionNode = FALSE
	EndGlobalSection
	GlobalSection(ExtensibilityGlobals) = postSolution
		SolutionGuid = {41E603BA-E139-4E92-AF32-DB0CDE87C0EE}
	EndGlobalSection
EndGlobal
