
Microsoft Visual Studio Solution File, Format Version 12.00
# Visual Studio Version 17
VisualStudioVersion = 17.5.002.0
MinimumVisualStudioVersion = 10.0.40219.1
Project("{9A19103F-16F7-4668-BE54-9A1E7A4F7556}") = "LOOP", "LOOP.csproj", "{1166EEC7-A6EB-471B-A0FB-C330EF04F053}"
EndProject
Global
	GlobalSection(SolutionConfigurationPlatforms) = preSolution
		Debug|Any CPU = Debug|Any CPU
		Release|Any CPU = Release|Any CPU
	EndGlobalSection
	GlobalSection(ProjectConfigurationPlatforms) = postSolution
		{1166EEC7-A6EB-471B-A0FB-C330EF04F053}.Debug|Any CPU.ActiveCfg = Debug|Any CPU
		{1166EEC7-A6EB-471B-A0FB-C330EF04F053}.Debug|Any CPU.Build.0 = Debug|Any CPU
		{1166EEC7-A6EB-471B-A0FB-C330EF04F053}.Release|Any CPU.ActiveCfg = Release|Any CPU
		{1166EEC7-A6EB-471B-A0FB-C330EF04F053}.Release|Any CPU.Build.0 = Release|Any CPU
	EndGlobalSection
	GlobalSection(SolutionProperties) = preSolution
		HideSolutionNode = FALSE
	EndGlobalSection
	GlobalSection(ExtensibilityGlobals) = postSolution
		SolutionGuid = {6B77FECC-858E-4337-984C-1E87F4608186}
	EndGlobalSection
EndGlobal
